// !$*UTF8*$!
{
	archiveVersion = 1;
	classes = {
	};
	objectVersion = 46;
	objects = {

/* Begin PBXBuildFile section */
		11245D47143F69F20037C77D /* Foundation.framework in Frameworks */ = {isa = PBXBuildFile; fileRef = 11245D46143F69F20037C77D /* Foundation.framework */; };
		11245D49143F69F20037C77D /* UIKit.framework in Frameworks */ = {isa = PBXBuildFile; fileRef = 11245D48143F69F20037C77D /* UIKit.framework */; };
		11245D4B143F69F20037C77D /* CoreGraphics.framework in Frameworks */ = {isa = PBXBuildFile; fileRef = 11245D4A143F69F20037C77D /* CoreGraphics.framework */; };
		11245D4D143F69F20037C77D /* AddressBook.framework in Frameworks */ = {isa = PBXBuildFile; fileRef = 11245D4C143F69F20037C77D /* AddressBook.framework */; };
		11245D4F143F69F20037C77D /* AddressBookUI.framework in Frameworks */ = {isa = PBXBuildFile; fileRef = 11245D4E143F69F20037C77D /* AddressBookUI.framework */; };
		11245D51143F69F20037C77D /* AudioToolbox.framework in Frameworks */ = {isa = PBXBuildFile; fileRef = 11245D50143F69F20037C77D /* AudioToolbox.framework */; };
		11245D53143F69F20037C77D /* AVFoundation.framework in Frameworks */ = {isa = PBXBuildFile; fileRef = 11245D52143F69F20037C77D /* AVFoundation.framework */; };
		11245D55143F69F20037C77D /* CoreLocation.framework in Frameworks */ = {isa = PBXBuildFile; fileRef = 11245D54143F69F20037C77D /* CoreLocation.framework */; };
		11245D57143F69F20037C77D /* MediaPlayer.framework in Frameworks */ = {isa = PBXBuildFile; fileRef = 11245D56143F69F20037C77D /* MediaPlayer.framework */; };
		11245D59143F69F20037C77D /* QuartzCore.framework in Frameworks */ = {isa = PBXBuildFile; fileRef = 11245D58143F69F20037C77D /* QuartzCore.framework */; };
		11245D5B143F69F20037C77D /* SystemConfiguration.framework in Frameworks */ = {isa = PBXBuildFile; fileRef = 11245D5A143F69F20037C77D /* SystemConfiguration.framework */; };
		11245D5D143F69F20037C77D /* MobileCoreServices.framework in Frameworks */ = {isa = PBXBuildFile; fileRef = 11245D5C143F69F20037C77D /* MobileCoreServices.framework */; };
		11245D5F143F69F20037C77D /* CoreMedia.framework in Frameworks */ = {isa = PBXBuildFile; fileRef = 11245D5E143F69F20037C77D /* CoreMedia.framework */; };
		11245D65143F69F20037C77D /* InfoPlist.strings in Resources */ = {isa = PBXBuildFile; fileRef = 11245D63143F69F20037C77D /* InfoPlist.strings */; };
		11245D67143F69F20037C77D /* main.m in Sources */ = {isa = PBXBuildFile; fileRef = 11245D66143F69F20037C77D /* main.m */; };
		11245D6A143F69F20037C77D /* PhoneGap.framework in Frameworks */ = {isa = PBXBuildFile; fileRef = 11245D69143F69F20037C77D /* PhoneGap.framework */; };
		11245D6F143F69F20037C77D /* Localizable.strings in Resources */ = {isa = PBXBuildFile; fileRef = 11245D6D143F69F20037C77D /* Localizable.strings */; };
		11245D73143F69F20037C77D /* Localizable.strings in Resources */ = {isa = PBXBuildFile; fileRef = 11245D71143F69F20037C77D /* Localizable.strings */; };
		11245D76143F69F20037C77D /* icon.png in Resources */ = {isa = PBXBuildFile; fileRef = 11245D75143F69F20037C77D /* icon.png */; };
		11245D78143F69F20037C77D /* icon@2x.png in Resources */ = {isa = PBXBuildFile; fileRef = 11245D77143F69F20037C77D /* icon@2x.png */; };
		11245D7A143F69F20037C77D /* icon-72.png in Resources */ = {isa = PBXBuildFile; fileRef = 11245D79143F69F20037C77D /* icon-72.png */; };
		11245D7D143F69F20037C77D /* Default.png in Resources */ = {isa = PBXBuildFile; fileRef = 11245D7C143F69F20037C77D /* Default.png */; };
		11245D7F143F69F20037C77D /* Default@2x.png in Resources */ = {isa = PBXBuildFile; fileRef = 11245D7E143F69F20037C77D /* Default@2x.png */; };
		11245D81143F69F20037C77D /* Capture.bundle in Resources */ = {isa = PBXBuildFile; fileRef = 11245D80143F69F20037C77D /* Capture.bundle */; };
		11245D83143F69F20037C77D /* PhoneGap.plist in Resources */ = {isa = PBXBuildFile; fileRef = 11245D82143F69F20037C77D /* PhoneGap.plist */; };
		11245D87143F69F20037C77D /* AppDelegate.m in Sources */ = {isa = PBXBuildFile; fileRef = 11245D86143F69F20037C77D /* AppDelegate.m */; };
/* End PBXBuildFile section */

/* Begin PBXFileReference section */
		11245D42143F69F20037C77D /* jackpot.app */ = {isa = PBXFileReference; explicitFileType = wrapper.application; includeInIndex = 0; path = jackpot.app; sourceTree = BUILT_PRODUCTS_DIR; };
		11245D46143F69F20037C77D /* Foundation.framework */ = {isa = PBXFileReference; lastKnownFileType = wrapper.framework; name = Foundation.framework; path = System/Library/Frameworks/Foundation.framework; sourceTree = SDKROOT; };
		11245D48143F69F20037C77D /* UIKit.framework */ = {isa = PBXFileReference; lastKnownFileType = wrapper.framework; name = UIKit.framework; path = System/Library/Frameworks/UIKit.framework; sourceTree = SDKROOT; };
		11245D4A143F69F20037C77D /* CoreGraphics.framework */ = {isa = PBXFileReference; lastKnownFileType = wrapper.framework; name = CoreGraphics.framework; path = System/Library/Frameworks/CoreGraphics.framework; sourceTree = SDKROOT; };
		11245D4C143F69F20037C77D /* AddressBook.framework */ = {isa = PBXFileReference; lastKnownFileType = wrapper.framework; name = AddressBook.framework; path = System/Library/Frameworks/AddressBook.framework; sourceTree = SDKROOT; };
		11245D4E143F69F20037C77D /* AddressBookUI.framework */ = {isa = PBXFileReference; lastKnownFileType = wrapper.framework; name = AddressBookUI.framework; path = System/Library/Frameworks/AddressBookUI.framework; sourceTree = SDKROOT; };
		11245D50143F69F20037C77D /* AudioToolbox.framework */ = {isa = PBXFileReference; lastKnownFileType = wrapper.framework; name = AudioToolbox.framework; path = System/Library/Frameworks/AudioToolbox.framework; sourceTree = SDKROOT; };
		11245D52143F69F20037C77D /* AVFoundation.framework */ = {isa = PBXFileReference; lastKnownFileType = wrapper.framework; name = AVFoundation.framework; path = System/Library/Frameworks/AVFoundation.framework; sourceTree = SDKROOT; };
		11245D54143F69F20037C77D /* CoreLocation.framework */ = {isa = PBXFileReference; lastKnownFileType = wrapper.framework; name = CoreLocation.framework; path = System/Library/Frameworks/CoreLocation.framework; sourceTree = SDKROOT; };
		11245D56143F69F20037C77D /* MediaPlayer.framework */ = {isa = PBXFileReference; lastKnownFileType = wrapper.framework; name = MediaPlayer.framework; path = System/Library/Frameworks/MediaPlayer.framework; sourceTree = SDKROOT; };
		11245D58143F69F20037C77D /* QuartzCore.framework */ = {isa = PBXFileReference; lastKnownFileType = wrapper.framework; name = QuartzCore.framework; path = System/Library/Frameworks/QuartzCore.framework; sourceTree = SDKROOT; };
		11245D5A143F69F20037C77D /* SystemConfiguration.framework */ = {isa = PBXFileReference; lastKnownFileType = wrapper.framework; name = SystemConfiguration.framework; path = System/Library/Frameworks/SystemConfiguration.framework; sourceTree = SDKROOT; };
		11245D5C143F69F20037C77D /* MobileCoreServices.framework */ = {isa = PBXFileReference; lastKnownFileType = wrapper.framework; name = MobileCoreServices.framework; path = System/Library/Frameworks/MobileCoreServices.framework; sourceTree = SDKROOT; };
		11245D5E143F69F20037C77D /* CoreMedia.framework */ = {isa = PBXFileReference; lastKnownFileType = wrapper.framework; name = CoreMedia.framework; path = System/Library/Frameworks/CoreMedia.framework; sourceTree = SDKROOT; };
		11245D62143F69F20037C77D /* jackpot-Info.plist */ = {isa = PBXFileReference; path = "jackpot-Info.plist"; sourceTree = "<group>"; };
		11245D64143F69F20037C77D /* en */ = {isa = PBXFileReference; lastKnownFileType = text.plist.strings; name = en; path = en.lproj/InfoPlist.strings; sourceTree = "<group>"; };
		11245D66143F69F20037C77D /* main.m */ = {isa = PBXFileReference; lastKnownFileType = sourcecode.c.objc; path = main.m; sourceTree = "<group>"; };
		11245D68143F69F20037C77D /* jackpot-Prefix.pch */ = {isa = PBXFileReference; path = "jackpot-Prefix.pch"; sourceTree = "<group>"; };
		11245D69143F69F20037C77D /* PhoneGap.framework */ = {isa = PBXFileReference; lastKnownFileType = wrapper.framework; name = PhoneGap.framework; path = /Users/Shared/PhoneGap/Frameworks/PhoneGap.framework; sourceTree = "<absolute>"; };
		11245D6E143F69F20037C77D /* en */ = {isa = PBXFileReference; lastKnownFileType = text.plist.strings; name = en; path = Resources/en.lproj/Localizable.strings; sourceTree = "<group>"; };
		11245D72143F69F20037C77D /* es */ = {isa = PBXFileReference; lastKnownFileType = text.plist.strings; name = es; path = Resources/es.lproj/Localizable.strings; sourceTree = "<group>"; };
		11245D75143F69F20037C77D /* icon.png */ = {isa = PBXFileReference; lastKnownFileType = image.png; name = icon.png; path = Resources/icons/icon.png; sourceTree = "<group>"; };
		11245D77143F69F20037C77D /* icon@2x.png */ = {isa = PBXFileReference; lastKnownFileType = image.png; name = "icon@2x.png"; path = "Resources/icons/icon@2x.png"; sourceTree = "<group>"; };
		11245D79143F69F20037C77D /* icon-72.png */ = {isa = PBXFileReference; lastKnownFileType = image.png; name = "icon-72.png"; path = "Resources/icons/icon-72.png"; sourceTree = "<group>"; };
		11245D7C143F69F20037C77D /* Default.png */ = {isa = PBXFileReference; lastKnownFileType = image.png; name = Default.png; path = Resources/splash/Default.png; sourceTree = "<group>"; };
		11245D7E143F69F20037C77D /* Default@2x.png */ = {isa = PBXFileReference; lastKnownFileType = image.png; name = "Default@2x.png"; path = "Resources/splash/Default@2x.png"; sourceTree = "<group>"; };
		11245D80143F69F20037C77D /* Capture.bundle */ = {isa = PBXFileReference; lastKnownFileType = "wrapper.plug-in"; name = Capture.bundle; path = Resources/Capture.bundle; sourceTree = "<group>"; };
		11245D82143F69F20037C77D /* PhoneGap.plist */ = {isa = PBXFileReference; lastKnownFileType = text.plist.xml; path = PhoneGap.plist; sourceTree = "<group>"; };
		11245D85143F69F20037C77D /* AppDelegate.h */ = {isa = PBXFileReference; name = AppDelegate.h; path = Classes/AppDelegate.h; sourceTree = "<group>"; };
		11245D86143F69F20037C77D /* AppDelegate.m */ = {isa = PBXFileReference; lastKnownFileType = sourcecode.c.objc; name = AppDelegate.m; path = Classes/AppDelegate.m; sourceTree = "<group>"; };
		11245D89143F69F20037C77D /* README */ = {isa = PBXFileReference; name = README; path = Plugins/README; sourceTree = "<group>"; };
/* End PBXFileReference section */

/* Begin PBXFrameworksBuildPhase section */
		11245D3C143F69F20037C77D /* Frameworks */ = {
			isa = PBXFrameworksBuildPhase;
			buildActionMask = 2147483647;
			files = (
				11245D47143F69F20037C77D /* Foundation.framework in Frameworks */,
				11245D49143F69F20037C77D /* UIKit.framework in Frameworks */,
				11245D4B143F69F20037C77D /* CoreGraphics.framework in Frameworks */,
				11245D4D143F69F20037C77D /* AddressBook.framework in Frameworks */,
				11245D4F143F69F20037C77D /* AddressBookUI.framework in Frameworks */,
				11245D51143F69F20037C77D /* AudioToolbox.framework in Frameworks */,
				11245D53143F69F20037C77D /* AVFoundation.framework in Frameworks */,
				11245D55143F69F20037C77D /* CoreLocation.framework in Frameworks */,
				11245D57143F69F20037C77D /* MediaPlayer.framework in Frameworks */,
				11245D59143F69F20037C77D /* QuartzCore.framework in Frameworks */,
				11245D5B143F69F20037C77D /* SystemConfiguration.framework in Frameworks */,
				11245D5D143F69F20037C77D /* MobileCoreServices.framework in Frameworks */,
				11245D5F143F69F20037C77D /* CoreMedia.framework in Frameworks */,
				11245D6A143F69F20037C77D /* PhoneGap.framework in Frameworks */,
			);
			runOnlyForDeploymentPostprocessing = 0;
		};
		11245D3F143F69F20037C77D /* Frameworks */ = {
			isa = PBXFrameworksBuildPhase;
			buildActionMask = 2147483647;
			files = (
			);
			runOnlyForDeploymentPostprocessing = 0;
		};
/* End PBXFrameworksBuildPhase section */

/* Begin PBXGroup section */
		11245D34143F69F20037C77D = {
			isa = PBXGroup;
			children = (
				11245D60143F69F20037C77D /* jackpot */,
				11245D45143F69F20037C77D /* Frameworks */,
				11245D43143F69F20037C77D /* Products */,
			);
			sourceTree = "<group>";
		};
		11245D43143F69F20037C77D /* Products */ = {
			isa = PBXGroup;
			children = (
				11245D42143F69F20037C77D /* jackpot.app */,
			);
			name = Products;
			sourceTree = "<group>";
		};
		11245D45143F69F20037C77D /* Frameworks */ = {
			isa = PBXGroup;
			children = (
				11245D46143F69F20037C77D /* Foundation.framework */,
				11245D48143F69F20037C77D /* UIKit.framework */,
				11245D4A143F69F20037C77D /* CoreGraphics.framework */,
				11245D4C143F69F20037C77D /* AddressBook.framework */,
				11245D4E143F69F20037C77D /* AddressBookUI.framework */,
				11245D50143F69F20037C77D /* AudioToolbox.framework */,
				11245D52143F69F20037C77D /* AVFoundation.framework */,
				11245D54143F69F20037C77D /* CoreLocation.framework */,
				11245D56143F69F20037C77D /* MediaPlayer.framework */,
				11245D58143F69F20037C77D /* QuartzCore.framework */,
				11245D5A143F69F20037C77D /* SystemConfiguration.framework */,
				11245D5C143F69F20037C77D /* MobileCoreServices.framework */,
				11245D5E143F69F20037C77D /* CoreMedia.framework */,
			);
			name = Frameworks;
			sourceTree = "<group>";
		};
		11245D60143F69F20037C77D /* jackpot */ = {
			isa = PBXGroup;
			children = (
				11245D69143F69F20037C77D /* PhoneGap.framework */,
				11245D6B143F69F20037C77D /* Resources */,
				11245D84143F69F20037C77D /* Classes */,
				11245D88143F69F20037C77D /* Plugins */,
				11245D61143F69F20037C77D /* Supporting Files */,
			);
			path = jackpot;
			sourceTree = "<group>";
		};
		11245D61143F69F20037C77D /* Supporting Files */ = {
			isa = PBXGroup;
			children = (
				11245D62143F69F20037C77D /* jackpot-Info.plist */,
				11245D63143F69F20037C77D /* InfoPlist.strings */,
				11245D66143F69F20037C77D /* main.m */,
				11245D68143F69F20037C77D /* jackpot-Prefix.pch */,
				11245D82143F69F20037C77D /* PhoneGap.plist */,
			);
			name = "Supporting Files";
			sourceTree = "<group>";
		};
		11245D6B143F69F20037C77D /* Resources */ = {
			isa = PBXGroup;
			children = (
				11245D80143F69F20037C77D /* Capture.bundle */,
				11245D6C143F69F20037C77D /* en.lproj */,
				11245D70143F69F20037C77D /* es.lproj */,
				11245D74143F69F20037C77D /* icons */,
				11245D7B143F69F20037C77D /* splash */,
			);
			name = Resources;
			sourceTree = "<group>";
		};
		11245D6C143F69F20037C77D /* en.lproj */ = {
			isa = PBXGroup;
			children = (
				11245D6D143F69F20037C77D /* Localizable.strings */,
			);
			name = en.lproj;
			sourceTree = "<group>";
		};
		11245D70143F69F20037C77D /* es.lproj */ = {
			isa = PBXGroup;
			children = (
				11245D71143F69F20037C77D /* Localizable.strings */,
			);
			name = es.lproj;
			sourceTree = "<group>";
		};
		11245D74143F69F20037C77D /* icons */ = {
			isa = PBXGroup;
			children = (
				11245D75143F69F20037C77D /* icon.png */,
				11245D77143F69F20037C77D /* icon@2x.png */,
				11245D79143F69F20037C77D /* icon-72.png */,
			);
			name = icons;
			sourceTree = "<group>";
		};
		11245D7B143F69F20037C77D /* splash */ = {
			isa = PBXGroup;
			children = (
				11245D7C143F69F20037C77D /* Default.png */,
				11245D7E143F69F20037C77D /* Default@2x.png */,
			);
			name = splash;
			sourceTree = "<group>";
		};
		11245D84143F69F20037C77D /* Classes */ = {
			isa = PBXGroup;
			children = (
				11245D85143F69F20037C77D /* AppDelegate.h */,
				11245D86143F69F20037C77D /* AppDelegate.m */,
			);
			name = Classes;
			sourceTree = "<group>";
		};
		11245D88143F69F20037C77D /* Plugins */ = {
			isa = PBXGroup;
			children = (
				11245D89143F69F20037C77D /* README */,
			);
			name = Plugins;
			sourceTree = "<group>";
		};
/* End PBXGroup section */

/* Begin PBXNativeTarget section */
		11245D41143F69F20037C77D /* jackpot */ = {
			isa = PBXNativeTarget;
			buildConfigurationList = 11245D8C143F69F20037C77D /* Build configuration list for PBXNativeTarget "jackpot" */;
			buildPhases = (
				11245D3B143F69F20037C77D /* Sources */,
				11245D3C143F69F20037C77D /* Frameworks */,
				11245D3D143F69F20037C77D /* Resources */,
				11245D3E143F69F20037C77D /* Sources */,
				11245D3F143F69F20037C77D /* Frameworks */,
				11245D40143F69F20037C77D /* ShellScript */,
			);
			buildRules = (
			);
			dependencies = (
			);
			name = jackpot;
			productName = jackpot;
			productReference = 11245D42143F69F20037C77D /* jackpot.app */;
			productType = "com.apple.product-type.application";
		};
/* End PBXNativeTarget section */

/* Begin PBXProject section */
		11245D36143F69F20037C77D /* Project object */ = {
			isa = PBXProject;
			attributes = {
				ORGANIZATIONNAME = mnmo.com.br;
			};
			buildConfigurationList = 11245D39143F69F20037C77D /* Build configuration list for PBXProject "jackpot" */;
			compatibilityVersion = "Xcode 3.2";
			developmentRegion = English;
			hasScannedForEncodings = 0;
			knownRegions = (
				en,
				es,
			);
			mainGroup = 11245D34143F69F20037C77D;
			productRefGroup = 11245D43143F69F20037C77D /* Products */;
			projectDirPath = "";
			projectRoot = "";
			targets = (
				11245D41143F69F20037C77D /* jackpot */,
			);
		};
/* End PBXProject section */

/* Begin PBXResourcesBuildPhase section */
		11245D3D143F69F20037C77D /* Resources */ = {
			isa = PBXResourcesBuildPhase;
			buildActionMask = 2147483647;
			files = (
				11245D65143F69F20037C77D /* InfoPlist.strings in Resources */,
				11245D6F143F69F20037C77D /* Localizable.strings in Resources */,
				11245D73143F69F20037C77D /* Localizable.strings in Resources */,
				11245D76143F69F20037C77D /* icon.png in Resources */,
				11245D78143F69F20037C77D /* icon@2x.png in Resources */,
				11245D7A143F69F20037C77D /* icon-72.png in Resources */,
				11245D7D143F69F20037C77D /* Default.png in Resources */,
				11245D7F143F69F20037C77D /* Default@2x.png in Resources */,
				11245D81143F69F20037C77D /* Capture.bundle in Resources */,
				11245D83143F69F20037C77D /* PhoneGap.plist in Resources */,
			);
			runOnlyForDeploymentPostprocessing = 0;
		};
/* End PBXResourcesBuildPhase section */

/* Begin PBXShellScriptBuildPhase section */
		11245D40143F69F20037C77D /* ShellScript */ = {
			isa = PBXShellScriptBuildPhase;
			buildActionMask = 2147483647;
			files = (
			);
			inputPaths = (
			);
			outputPaths = (
			);
			runOnlyForDeploymentPostprocessing = 0;
			shellPath = /bin/bash;
			shellScript = "\n\t\t\t\t\t\t\t\tif [ ! -d \"$PROJECT_DIR/www\" ] ; then\n\t\t\t\t\t\t\t\t\tcp -R /Users/Shared/PhoneGap/Frameworks/PhoneGap.framework/www \"$PROJECT_DIR\"\n\t\t\t\t\t\t\t\tfi\n\t\t\t\t\t\t\t\t# detect www folder reference in project, if missing, print warning\n\t\t\t\t\t\t\t\tgrep \"{isa = PBXFileReference; lastKnownFileType = folder; path = www; sourceTree = \\\"<group>\\\"; };\" \"$PROJECT_DIR/$PROJECT_NAME.xcodeproj/project.pbxproj\"\n\t\t\t\t\t\t\t\trc=$? \n\t\t\t\t\t\t\t\tif [ $rc != 0 ] ; then\n\t\t\t\t\t\t\t\techo -e \"warning: Missing - Add $PROJECT_DIR/www as a folder reference in your project. Just drag and drop the folder into your project, into the Project Navigator of Xcode 4. Make sure you select the second radio-button: 'Create folder references for any added folders' (which will create a blue folder)\" 1>&2\n\t\t\t\t\t\t\t\tfi\t\t\t\t\t\t\t";
		};
/* End PBXShellScriptBuildPhase section */

/* Begin PBXSourcesBuildPhase section */
		11245D3B143F69F20037C77D /* Sources */ = {
			isa = PBXSourcesBuildPhase;
			buildActionMask = 2147483647;
			files = (
				11245D67143F69F20037C77D /* main.m in Sources */,
				11245D87143F69F20037C77D /* AppDelegate.m in Sources */,
			);
			runOnlyForDeploymentPostprocessing = 0;
		};
		11245D3E143F69F20037C77D /* Sources */ = {
			isa = PBXSourcesBuildPhase;
			buildActionMask = 2147483647;
			files = (
			);
			runOnlyForDeploymentPostprocessing = 0;
		};
/* End PBXSourcesBuildPhase section */

/* Begin PBXVariantGroup section */
		11245D63143F69F20037C77D /* InfoPlist.strings */ = {
			isa = PBXVariantGroup;
			children = (
				11245D64143F69F20037C77D /* en */,
			);
			name = InfoPlist.strings;
			sourceTree = "<group>";
		};
		11245D6D143F69F20037C77D /* Localizable.strings */ = {
			isa = PBXVariantGroup;
			children = (
				11245D6E143F69F20037C77D /* en */,
			);
			name = Localizable.strings;
			sourceTree = "<group>";
		};
		11245D71143F69F20037C77D /* Localizable.strings */ = {
			isa = PBXVariantGroup;
			children = (
				11245D72143F69F20037C77D /* es */,
			);
			name = Localizable.strings;
			sourceTree = "<group>";
		};
/* End PBXVariantGroup section */

/* Begin XCBuildConfiguration section */
		11245D8A143F69F20037C77D /* Debug */ = {
			isa = XCBuildConfiguration;
			buildSettings = {
				ALWAYS_SEARCH_USER_PATHS = NO;
				ARCHS = "$(ARCHS_STANDARD_32_BIT)";
				"CODE_SIGN_IDENTITY[sdk=iphoneos*]" = "iPhone Developer";
				COPY_PHASE_STRIP = NO;
				GCC_C_LANGUAGE_STANDARD = gnu99;
				GCC_DYNAMIC_NO_PIC = NO;
				GCC_OPTIMIZATION_LEVEL = 0;
				GCC_PREPROCESSOR_DEFINITIONS = (
					"DEBUG=1",
					"$(inherited)",
				);
				GCC_SYMBOLS_PRIVATE_EXTERN = NO;
				GCC_VERSION = com.apple.compilers.llvmgcc42;
				GCC_WARN_ABOUT_MISSING_PROTOTYPES = YES;
				GCC_WARN_ABOUT_RETURN_TYPE = YES;
				GCC_WARN_UNUSED_VARIABLE = YES;
				IPHONEOS_DEPLOYMENT_TARGET = 3.0;
				SDKROOT = iphoneos;
			};
			name = Debug;
		};
		11245D8B143F69F20037C77D /* Release */ = {
			isa = XCBuildConfiguration;
			buildSettings = {
				ALWAYS_SEARCH_USER_PATHS = NO;
				ARCHS = "$(ARCHS_STANDARD_32_BIT)";
				"CODE_SIGN_IDENTITY[sdk=iphoneos*]" = "iPhone Developer";
				COPY_PHASE_STRIP = YES;
				GCC_C_LANGUAGE_STANDARD = gnu99;
				GCC_VERSION = com.apple.compilers.llvmgcc42;
				GCC_WARN_ABOUT_MISSING_PROTOTYPES = YES;
				GCC_WARN_ABOUT_RETURN_TYPE = YES;
				GCC_WARN_UNUSED_VARIABLE = YES;
				IPHONEOS_DEPLOYMENT_TARGET = 3.0;
				SDKROOT = iphoneos;
				VALIDATE_PRODUCT = YES;
			};
			name = Release;
		};
		11245D8D143F69F20037C77D /* Debug */ = {
			isa = XCBuildConfiguration;
			buildSettings = {
				ALWAYS_SEARCH_USER_PATHS = YES;
				COPY_PHASE_STRIP = NO;
				FRAMEWORK_SEARCH_PATHS = /Users/Shared/PhoneGap/Frameworks;
				GCC_DYNAMIC_NO_PIC = NO;
				GCC_PRECOMPILE_PREFIX_HEADER = YES;
				GCC_PREFIX_HEADER = "jackpot/jackpot-Prefix.pch";
				GCC_PREPROCESSOR_DEFINITIONS = "PHONEGAP_FRAMEWORK=YES";
				INFOPLIST_FILE = "jackpot/jackpot-Info.plist";
				OTHER_LDFLAGS = (
					"-weak_framework",
					UIKit,
					"-weak_framework",
					AVFoundation,
					"-weak_framework",
					CoreMedia,
					"-weak_library",
					/usr/lib/libSystem.B.dylib,
				);
				PRODUCT_NAME = "$(TARGET_NAME)";
				TARGETED_DEVICE_FAMILY = "1,2";
				WRAPPER_EXTENSION = app;
			};
			name = Debug;
		};
		11245D8E143F69F20037C77D /* Release */ = {
			isa = XCBuildConfiguration;
			buildSettings = {
				ALWAYS_SEARCH_USER_PATHS = YES;
				COPY_PHASE_STRIP = YES;
				DEBUG_INFORMATION_FORMAT = "dwarf-with-dsym";
				FRAMEWORK_SEARCH_PATHS = /Users/Shared/PhoneGap/Frameworks;
				GCC_PRECOMPILE_PREFIX_HEADER = YES;
				GCC_PREFIX_HEADER = "jackpot/jackpot-Prefix.pch";
				GCC_PREPROCESSOR_DEFINITIONS = "PHONEGAP_FRAMEWORK=YES";
				INFOPLIST_FILE = "jackpot/jackpot-Info.plist";
				OTHER_LDFLAGS = (
					"-weak_framework",
					UIKit,
					"-weak_framework",
					AVFoundation,
					"-weak_framework",
					CoreMedia,
					"-weak_library",
					/usr/lib/libSystem.B.dylib,
				);
				PRODUCT_NAME = "$(TARGET_NAME)";
				TARGETED_DEVICE_FAMILY = "1,2";
				VALIDATE_PRODUCT = YES;
				WRAPPER_EXTENSION = app;
			};
			name = Release;
		};
/* End XCBuildConfiguration section */

/* Begin XCConfigurationList section */
		11245D39143F69F20037C77D /* Build configuration list for PBXProject "jackpot" */ = {
			isa = XCConfigurationList;
			buildConfigurations = (
				11245D8A143F69F20037C77D /* Debug */,
				11245D8B143F69F20037C77D /* Release */,
			);
			defaultConfigurationIsVisible = 0;
			defaultConfigurationName = Release;
		};
		11245D8C143F69F20037C77D /* Build configuration list for PBXNativeTarget "jackpot" */ = {
			isa = XCConfigurationList;
			buildConfigurations = (
				11245D8D143F69F20037C77D /* Debug */,
				11245D8E143F69F20037C77D /* Release */,
			);
			defaultConfigurationIsVisible = 0;
		};
/* End XCConfigurationList section */
	};
	rootObject = 11245D36143F69F20037C77D /* Project object */;
}
